
Microsoft Visual Studio Solution File, Format Version 12.00
# Visual Studio Version 17
VisualStudioVersion = 17.0.31903.59
MinimumVisualStudioVersion = 10.0.40219.1
Project("{2150E333-8FDC-42A3-9474-1A3956D46DE8}") = "Simple", "Simple", "{A2CAD164-0816-4D1D-9793-1B1F398C9D29}"
EndProject
Project("{2150E333-8FDC-42A3-9474-1A3956D46DE8}") = "NetLib", "NetLib", "{D0066C06-A89A-4E05-80E0-D8232FB0FF3C}"
EndProject
Project("{9A19103F-16F7-4668-BE54-9A1E7A4F7556}") = "HaoYueNet.ServerNetwork", "NetLib\HaoYueNet.ServerNetwork\HaoYueNet.ServerNetwork.csproj", "{22ED65D3-E2FB-49E4-BDF5-EB2A70774C2E}"
EndProject
Project("{9A19103F-16F7-4668-BE54-9A1E7A4F7556}") = "HaoYueNet.ClientNetwork", "NetLib\HaoYueNet.ClientNetwork\HaoYueNet.ClientNetwork.csproj", "{696F6AAE-2D41-48F7-8FCD-E95CFE2A6519}"
EndProject
Project("{9A19103F-16F7-4668-BE54-9A1E7A4F7556}") = "ServerCore", "Simple\ServerCore\ServerCore.csproj", "{3F26CB3D-ECD1-4D50-8AE6-EB6762CBACF6}"
EndProject
Project("{9A19103F-16F7-4668-BE54-9A1E7A4F7556}") = "Protobuf", "Simple\Protobuf\Protobuf.csproj", "{E5AE46D9-D809-4E87-8ADD-B1BD28ED60E9}"
EndProject
Project("{9A19103F-16F7-4668-BE54-9A1E7A4F7556}") = "Server", "Simple\Server\Server.csproj", "{3F52D1D0-4B1E-4819-9AB3-A770DD5C505D}"
EndProject
Project("{9A19103F-16F7-4668-BE54-9A1E7A4F7556}") = "ClientCore", "Simple\ClientCore\ClientCore.csproj", "{99E54CE5-4EF6-4441-9F40-8FDE8229041E}"
EndProject
Project("{9A19103F-16F7-4668-BE54-9A1E7A4F7556}") = "Client-Cli", "Simple\Client-Cli\Client-Cli.csproj", "{45FBC25D-9EC5-4C8E-A979-005F04CE76AB}"
EndProject
Project("{2150E333-8FDC-42A3-9474-1A3956D46DE8}") = "NetLib_Standard2", "NetLib_Standard2", "{F4C45C48-8011-4782-B0B3-99164D611A6C}"
EndProject
Project("{9A19103F-16F7-4668-BE54-9A1E7A4F7556}") = "HaoYueNet.ClientNetworkNet.Standard2", "NetLib_Standard2\HaoYueNet.ClientNetworkNet.Standard2\HaoYueNet.ClientNetworkNet.Standard2.csproj", "{16AF64F5-6BED-4BD5-AD41-39816AD56769}"
EndProject
Project("{9A19103F-16F7-4668-BE54-9A1E7A4F7556}") = "HaoYueNet.ServerNetwork.Standard2", "NetLib_Standard2\HaoYueNet.ServerNetwork.Standard2\HaoYueNet.ServerNetwork.Standard2.csproj", "{6BACBAAB-3777-4165-A2F7-7F9B517286B4}"
EndProject
Project("{FAE04EC0-301F-11D3-BF4B-00C04F79EFBC}") = "ClientSaeaTest", "Simple\ClientSaeaTest\ClientSaeaTest.csproj", "{AE22B541-A21E-48F1-9913-C1ACEBF21874}"
EndProject
Global
	GlobalSection(SolutionConfigurationPlatforms) = preSolution
		Debug|Any CPU = Debug|Any CPU
		Release|Any CPU = Release|Any CPU
	EndGlobalSection
	GlobalSection(ProjectConfigurationPlatforms) = postSolution
		{22ED65D3-E2FB-49E4-BDF5-EB2A70774C2E}.Debug|Any CPU.ActiveCfg = Debug|Any CPU
		{22ED65D3-E2FB-49E4-BDF5-EB2A70774C2E}.Debug|Any CPU.Build.0 = Debug|Any CPU
		{22ED65D3-E2FB-49E4-BDF5-EB2A70774C2E}.Release|Any CPU.ActiveCfg = Release|Any CPU
		{22ED65D3-E2FB-49E4-BDF5-EB2A70774C2E}.Release|Any CPU.Build.0 = Release|Any CPU
		{696F6AAE-2D41-48F7-8FCD-E95CFE2A6519}.Debug|Any CPU.ActiveCfg = Debug|Any CPU
		{696F6AAE-2D41-48F7-8FCD-E95CFE2A6519}.Debug|Any CPU.Build.0 = Debug|Any CPU
		{696F6AAE-2D41-48F7-8FCD-E95CFE2A6519}.Release|Any CPU.ActiveCfg = Release|Any CPU
		{696F6AAE-2D41-48F7-8FCD-E95CFE2A6519}.Release|Any CPU.Build.0 = Release|Any CPU
		{3F26CB3D-ECD1-4D50-8AE6-EB6762CBACF6}.Debug|Any CPU.ActiveCfg = Debug|Any CPU
		{3F26CB3D-ECD1-4D50-8AE6-EB6762CBACF6}.Debug|Any CPU.Build.0 = Debug|Any CPU
		{3F26CB3D-ECD1-4D50-8AE6-EB6762CBACF6}.Release|Any CPU.ActiveCfg = Release|Any CPU
		{3F26CB3D-ECD1-4D50-8AE6-EB6762CBACF6}.Release|Any CPU.Build.0 = Release|Any CPU
		{E5AE46D9-D809-4E87-8ADD-B1BD28ED60E9}.Debug|Any CPU.ActiveCfg = Debug|Any CPU
		{E5AE46D9-D809-4E87-8ADD-B1BD28ED60E9}.Debug|Any CPU.Build.0 = Debug|Any CPU
		{E5AE46D9-D809-4E87-8ADD-B1BD28ED60E9}.Release|Any CPU.ActiveCfg = Release|Any CPU
		{E5AE46D9-D809-4E87-8ADD-B1BD28ED60E9}.Release|Any CPU.Build.0 = Release|Any CPU
		{3F52D1D0-4B1E-4819-9AB3-A770DD5C505D}.Debug|Any CPU.ActiveCfg = Debug|Any CPU
		{3F52D1D0-4B1E-4819-9AB3-A770DD5C505D}.Debug|Any CPU.Build.0 = Debug|Any CPU
		{3F52D1D0-4B1E-4819-9AB3-A770DD5C505D}.Release|Any CPU.ActiveCfg = Release|Any CPU
		{3F52D1D0-4B1E-4819-9AB3-A770DD5C505D}.Release|Any CPU.Build.0 = Release|Any CPU
		{99E54CE5-4EF6-4441-9F40-8FDE8229041E}.Debug|Any CPU.ActiveCfg = Debug|Any CPU
		{99E54CE5-4EF6-4441-9F40-8FDE8229041E}.Debug|Any CPU.Build.0 = Debug|Any CPU
		{99E54CE5-4EF6-4441-9F40-8FDE8229041E}.Release|Any CPU.ActiveCfg = Release|Any CPU
		{99E54CE5-4EF6-4441-9F40-8FDE8229041E}.Release|Any CPU.Build.0 = Release|Any CPU
		{45FBC25D-9EC5-4C8E-A979-005F04CE76AB}.Debug|Any CPU.ActiveCfg = Debug|Any CPU
		{45FBC25D-9EC5-4C8E-A979-005F04CE76AB}.Debug|Any CPU.Build.0 = Debug|Any CPU
		{45FBC25D-9EC5-4C8E-A979-005F04CE76AB}.Release|Any CPU.ActiveCfg = Release|Any CPU
		{45FBC25D-9EC5-4C8E-A979-005F04CE76AB}.Release|Any CPU.Build.0 = Release|Any CPU
		{16AF64F5-6BED-4BD5-AD41-39816AD56769}.Debug|Any CPU.ActiveCfg = Debug|Any CPU
		{16AF64F5-6BED-4BD5-AD41-39816AD56769}.Debug|Any CPU.Build.0 = Debug|Any CPU
		{16AF64F5-6BED-4BD5-AD41-39816AD56769}.Release|Any CPU.ActiveCfg = Release|Any CPU
		{16AF64F5-6BED-4BD5-AD41-39816AD56769}.Release|Any CPU.Build.0 = Release|Any CPU
		{6BACBAAB-3777-4165-A2F7-7F9B517286B4}.Debug|Any CPU.ActiveCfg = Debug|Any CPU
		{6BACBAAB-3777-4165-A2F7-7F9B517286B4}.Debug|Any CPU.Build.0 = Debug|Any CPU
		{6BACBAAB-3777-4165-A2F7-7F9B517286B4}.Release|Any CPU.ActiveCfg = Release|Any CPU
		{6BACBAAB-3777-4165-A2F7-7F9B517286B4}.Release|Any CPU.Build.0 = Release|Any CPU
		{AE22B541-A21E-48F1-9913-C1ACEBF21874}.Debug|Any CPU.ActiveCfg = Debug|Any CPU
		{AE22B541-A21E-48F1-9913-C1ACEBF21874}.Debug|Any CPU.Build.0 = Debug|Any CPU
		{AE22B541-A21E-48F1-9913-C1ACEBF21874}.Release|Any CPU.ActiveCfg = Release|Any CPU
		{AE22B541-A21E-48F1-9913-C1ACEBF21874}.Release|Any CPU.Build.0 = Release|Any CPU
	EndGlobalSection
	GlobalSection(SolutionProperties) = preSolution
		HideSolutionNode = FALSE
	EndGlobalSection
	GlobalSection(NestedProjects) = preSolution
		{22ED65D3-E2FB-49E4-BDF5-EB2A70774C2E} = {D0066C06-A89A-4E05-80E0-D8232FB0FF3C}
		{696F6AAE-2D41-48F7-8FCD-E95CFE2A6519} = {D0066C06-A89A-4E05-80E0-D8232FB0FF3C}
		{3F26CB3D-ECD1-4D50-8AE6-EB6762CBACF6} = {A2CAD164-0816-4D1D-9793-1B1F398C9D29}
		{E5AE46D9-D809-4E87-8ADD-B1BD28ED60E9} = {A2CAD164-0816-4D1D-9793-1B1F398C9D29}
		{3F52D1D0-4B1E-4819-9AB3-A770DD5C505D} = {A2CAD164-0816-4D1D-9793-1B1F398C9D29}
		{99E54CE5-4EF6-4441-9F40-8FDE8229041E} = {A2CAD164-0816-4D1D-9793-1B1F398C9D29}
		{45FBC25D-9EC5-4C8E-A979-005F04CE76AB} = {A2CAD164-0816-4D1D-9793-1B1F398C9D29}
		{16AF64F5-6BED-4BD5-AD41-39816AD56769} = {F4C45C48-8011-4782-B0B3-99164D611A6C}
		{6BACBAAB-3777-4165-A2F7-7F9B517286B4} = {F4C45C48-8011-4782-B0B3-99164D611A6C}
		{AE22B541-A21E-48F1-9913-C1ACEBF21874} = {A2CAD164-0816-4D1D-9793-1B1F398C9D29}
	EndGlobalSection
	GlobalSection(ExtensibilityGlobals) = postSolution
		SolutionGuid = {22107F03-013F-4871-AC8E-F082694E2679}
	EndGlobalSection
EndGlobal
